
Microsoft Visual Studio Solution File, Format Version 12.00
# Visual Studio Version 17
VisualStudioVersion = 17.11.34909.67
MinimumVisualStudioVersion = 10.0.40219.1
Project("{FAE04EC0-301F-11D3-BF4B-00C04F79EFBC}") = "OptimalBlazorSetup", "OptimalBlazorSetup\OptimalBlazorSetup\OptimalBlazorSetup.csproj", "{FEC594D8-76A9-405C-B0B2-AD25D85CD2E3}"
EndProject
Project("{FAE04EC0-301F-11D3-BF4B-00C04F79EFBC}") = "OptimalBlazorSetup.Client", "OptimalBlazorSetup\OptimalBlazorSetup.Client\OptimalBlazorSetup.Client.csproj", "{6CAC4B13-84B3-4501-A964-DAAC9BD5B9B7}"
EndProject
Global
	GlobalSection(SolutionConfigurationPlatforms) = preSolution
		Debug|Any CPU = Debug|Any CPU
		Release|Any CPU = Release|Any CPU
	EndGlobalSection
	GlobalSection(ProjectConfigurationPlatforms) = postSolution
		{FEC594D8-76A9-405C-B0B2-AD25D85CD2E3}.Debug|Any CPU.ActiveCfg = Debug|Any CPU
		{FEC594D8-76A9-405C-B0B2-AD25D85CD2E3}.Debug|Any CPU.Build.0 = Debug|Any CPU
		{FEC594D8-76A9-405C-B0B2-AD25D85CD2E3}.Release|Any CPU.ActiveCfg = Release|Any CPU
		{FEC594D8-76A9-405C-B0B2-AD25D85CD2E3}.Release|Any CPU.Build.0 = Release|Any CPU
		{6CAC4B13-84B3-4501-A964-DAAC9BD5B9B7}.Debug|Any CPU.ActiveCfg = Debug|Any CPU
		{6CAC4B13-84B3-4501-A964-DAAC9BD5B9B7}.Debug|Any CPU.Build.0 = Debug|Any CPU
		{6CAC4B13-84B3-4501-A964-DAAC9BD5B9B7}.Release|Any CPU.ActiveCfg = Release|Any CPU
		{6CAC4B13-84B3-4501-A964-DAAC9BD5B9B7}.Release|Any CPU.Build.0 = Release|Any CPU
	EndGlobalSection
	GlobalSection(SolutionProperties) = preSolution
		HideSolutionNode = FALSE
	EndGlobalSection
	GlobalSection(ExtensibilityGlobals) = postSolution
		SolutionGuid = {3C739BFE-B02C-424B-B8A7-D1F1C8B200E3}
	EndGlobalSection
EndGlobal
